
Microsoft Visual Studio Solution File, Format Version 12.00
# Visual Studio Version 17
VisualStudioVersion = 17.0.32126.317
MinimumVisualStudioVersion = 10.0.40219.1
Project("{9A19103F-16F7-4668-BE54-9A1E7A4F7556}") = "Repository", "Repository\Repository.csproj", "{1D5F4A09-1521-40EC-B457-BC1628081ACA}"
EndProject
Project("{2150E333-8FDC-42A3-9474-1A3956D46DE8}") = "Libraries", "Libraries", "{BF3BB76E-D800-4654-9E03-5F16EB4072F5}"
EndProject
Project("{2150E333-8FDC-42A3-9474-1A3956D46DE8}") = "Databases", "Databases", "{EAD839A9-9567-4321-8158-4A09C3EB01E3}"
EndProject
Project("{00D1A9C2-B5F0-4AF3-8072-F6C62B433612}") = "Database", "Databases\Database\Database.sqlproj", "{1CAE04E3-5868-4F5B-8E83-ABF33E77CFA6}"
EndProject
Global
	GlobalSection(SolutionConfigurationPlatforms) = preSolution
		Debug|Any CPU = Debug|Any CPU
		Release|Any CPU = Release|Any CPU
	EndGlobalSection
	GlobalSection(ProjectConfigurationPlatforms) = postSolution
		{1D5F4A09-1521-40EC-B457-BC1628081ACA}.Debug|Any CPU.ActiveCfg = Debug|Any CPU
		{1D5F4A09-1521-40EC-B457-BC1628081ACA}.Debug|Any CPU.Build.0 = Debug|Any CPU
		{1D5F4A09-1521-40EC-B457-BC1628081ACA}.Release|Any CPU.ActiveCfg = Release|Any CPU
		{1D5F4A09-1521-40EC-B457-BC1628081ACA}.Release|Any CPU.Build.0 = Release|Any CPU
		{1CAE04E3-5868-4F5B-8E83-ABF33E77CFA6}.Debug|Any CPU.ActiveCfg = Debug|Any CPU
		{1CAE04E3-5868-4F5B-8E83-ABF33E77CFA6}.Debug|Any CPU.Build.0 = Debug|Any CPU
		{1CAE04E3-5868-4F5B-8E83-ABF33E77CFA6}.Debug|Any CPU.Deploy.0 = Debug|Any CPU
		{1CAE04E3-5868-4F5B-8E83-ABF33E77CFA6}.Release|Any CPU.ActiveCfg = Release|Any CPU
		{1CAE04E3-5868-4F5B-8E83-ABF33E77CFA6}.Release|Any CPU.Build.0 = Release|Any CPU
		{1CAE04E3-5868-4F5B-8E83-ABF33E77CFA6}.Release|Any CPU.Deploy.0 = Release|Any CPU
	EndGlobalSection
	GlobalSection(SolutionProperties) = preSolution
		HideSolutionNode = FALSE
	EndGlobalSection
	GlobalSection(NestedProjects) = preSolution
		{1D5F4A09-1521-40EC-B457-BC1628081ACA} = {BF3BB76E-D800-4654-9E03-5F16EB4072F5}
		{1CAE04E3-5868-4F5B-8E83-ABF33E77CFA6} = {EAD839A9-9567-4321-8158-4A09C3EB01E3}
	EndGlobalSection
	GlobalSection(ExtensibilityGlobals) = postSolution
		SolutionGuid = {39383DA0-C4DF-46E0-BBDC-78B2BC0B4F44}
	EndGlobalSection
EndGlobal
